
Microsoft Visual Studio Solution File, Format Version 12.00
# Visual Studio Version 16
VisualStudioVersion = 16.0.31515.178
MinimumVisualStudioVersion = 10.0.40219.1
Project("{FAE04EC0-301F-11D3-BF4B-00C04F79EFBC}") = "PFL_CRM", "PFL_CRM\PFL_CRM.csproj", "{CA231F28-2F2A-4E23-B06A-CD8311D952AF}"
EndProject
Global
	GlobalSection(SolutionConfigurationPlatforms) = preSolution
		Debug|Any CPU = Debug|Any CPU
		Release|Any CPU = Release|Any CPU
	EndGlobalSection
	GlobalSection(ProjectConfigurationPlatforms) = postSolution
		{CA231F28-2F2A-4E23-B06A-CD8311D952AF}.Debug|Any CPU.ActiveCfg = Debug|Any CPU
		{CA231F28-2F2A-4E23-B06A-CD8311D952AF}.Debug|Any CPU.Build.0 = Debug|Any CPU
		{CA231F28-2F2A-4E23-B06A-CD8311D952AF}.Release|Any CPU.ActiveCfg = Release|Any CPU
		{CA231F28-2F2A-4E23-B06A-CD8311D952AF}.Release|Any CPU.Build.0 = Release|Any CPU
	EndGlobalSection
	GlobalSection(SolutionProperties) = preSolution
		HideSolutionNode = FALSE
	EndGlobalSection
	GlobalSection(ExtensibilityGlobals) = postSolution
		SolutionGuid = {6A8250D4-B0F5-4AB2-85FD-873D80C14595}
	EndGlobalSection
EndGlobal
